
Microsoft Visual Studio Solution File, Format Version 12.00
# Visual Studio 15
VisualStudioVersion = 15.0.27130.2036
MinimumVisualStudioVersion = 10.0.40219.1
Project("{FAE04EC0-301F-11D3-BF4B-00C04F79EFBC}") = "SkeletalAdventurers", "SkeletalAdventurers\SkeletalAdventurers.csproj", "{B6DE556E-C7F0-4DFF-AA77-327F2F1913B5}"
EndProject
Global
	GlobalSection(SolutionConfigurationPlatforms) = preSolution
		Debug|Any CPU = Debug|Any CPU
		Release|Any CPU = Release|Any CPU
	EndGlobalSection
	GlobalSection(ProjectConfigurationPlatforms) = postSolution
		{B6DE556E-C7F0-4DFF-AA77-327F2F1913B5}.Debug|Any CPU.ActiveCfg = Debug|Any CPU
		{B6DE556E-C7F0-4DFF-AA77-327F2F1913B5}.Debug|Any CPU.Build.0 = Debug|Any CPU
		{B6DE556E-C7F0-4DFF-AA77-327F2F1913B5}.Release|Any CPU.ActiveCfg = Release|Any CPU
		{B6DE556E-C7F0-4DFF-AA77-327F2F1913B5}.Release|Any CPU.Build.0 = Release|Any CPU
	EndGlobalSection
	GlobalSection(SolutionProperties) = preSolution
		HideSolutionNode = FALSE
	EndGlobalSection
	GlobalSection(ExtensibilityGlobals) = postSolution
		SolutionGuid = {FA2329E7-83C7-45A4-B5B7-6A0690282FCF}
	EndGlobalSection
EndGlobal
